
Microsoft Visual Studio Solution File, Format Version 12.00
# Visual Studio Version 17
VisualStudioVersion = 17.7.34031.279
MinimumVisualStudioVersion = 10.0.40219.1
Project("{FAE04EC0-301F-11D3-BF4B-00C04F79EFBC}") = "lista9", "lista9\lista9.csproj", "{80A2D135-46BB-484E-8364-82B7A581C2BF}"
EndProject
Global
	GlobalSection(SolutionConfigurationPlatforms) = preSolution
		Debug|Any CPU = Debug|Any CPU
		Release|Any CPU = Release|Any CPU
	EndGlobalSection
	GlobalSection(ProjectConfigurationPlatforms) = postSolution
		{80A2D135-46BB-484E-8364-82B7A581C2BF}.Debug|Any CPU.ActiveCfg = Debug|Any CPU
		{80A2D135-46BB-484E-8364-82B7A581C2BF}.Debug|Any CPU.Build.0 = Debug|Any CPU
		{80A2D135-46BB-484E-8364-82B7A581C2BF}.Release|Any CPU.ActiveCfg = Release|Any CPU
		{80A2D135-46BB-484E-8364-82B7A581C2BF}.Release|Any CPU.Build.0 = Release|Any CPU
	EndGlobalSection
	GlobalSection(SolutionProperties) = preSolution
		HideSolutionNode = FALSE
	EndGlobalSection
	GlobalSection(ExtensibilityGlobals) = postSolution
		SolutionGuid = {2185B358-A5A9-47C6-892F-D18C708F207E}
	EndGlobalSection
EndGlobal
